
Microsoft Visual Studio Solution File, Format Version 12.00
# Visual Studio Version 17
VisualStudioVersion = 17.3.32825.248
MinimumVisualStudioVersion = 10.0.40219.1
Project("{FAE04EC0-301F-11D3-BF4B-00C04F79EFBC}") = "SPaPS", "SPaPS\SPaPS.csproj", "{B9137E30-2DEB-4196-9A66-BF3D4D187988}"
EndProject
Global
	GlobalSection(SolutionConfigurationPlatforms) = preSolution
		Debug|Any CPU = Debug|Any CPU
		Release|Any CPU = Release|Any CPU
	EndGlobalSection
	GlobalSection(ProjectConfigurationPlatforms) = postSolution
		{B9137E30-2DEB-4196-9A66-BF3D4D187988}.Debug|Any CPU.ActiveCfg = Debug|Any CPU
		{B9137E30-2DEB-4196-9A66-BF3D4D187988}.Debug|Any CPU.Build.0 = Debug|Any CPU
		{B9137E30-2DEB-4196-9A66-BF3D4D187988}.Release|Any CPU.ActiveCfg = Release|Any CPU
		{B9137E30-2DEB-4196-9A66-BF3D4D187988}.Release|Any CPU.Build.0 = Release|Any CPU
	EndGlobalSection
	GlobalSection(SolutionProperties) = preSolution
		HideSolutionNode = FALSE
	EndGlobalSection
	GlobalSection(ExtensibilityGlobals) = postSolution
		SolutionGuid = {DB453F12-B5F6-46B5-A4B8-1D251D29AB8A}
	EndGlobalSection
EndGlobal
